// !$*UTF8*$!
{
	archiveVersion = 1;
	classes = {
	};
	objectVersion = 46;
	objects = {

/* Begin PBXBuildFile section */
		3F0295911C7277A500982EAC /* resolver.h in Headers */ = {isa = PBXBuildFile; fileRef = 3F0295901C7277A500982EAC /* resolver.h */; };
		3F0295931C7277F400982EAC /* resolver.c in Sources */ = {isa = PBXBuildFile; fileRef = 3F0295921C7277F400982EAC /* resolver.c */; };
		3F0295951C7281A400982EAC /* test.h in Headers */ = {isa = PBXBuildFile; fileRef = 3F0295941C7281A400982EAC /* test.h */; };
		3F276F1D1C734B570028A378 /* load.sh in Resources */ = {isa = PBXBuildFile; fileRef = 3F276F1C1C734B570028A378 /* load.sh */; };
		3F98FC9F1C6D1280006671EE /* victim.c in Sources */ = {isa = PBXBuildFile; fileRef = 3F98FC9E1C6D1280006671EE /* victim.c */; };
		3F9A4BB01C6612AD0013F9B1 /* test.c in Sources */ = {isa = PBXBuildFile; fileRef = 3F9A4BAF1C6612AD0013F9B1 /* test.c */; };
/* End PBXBuildFile section */

/* Begin PBXCopyFilesBuildPhase section */
		3F98FC951C6D1260006671EE /* CopyFiles */ = {
			isa = PBXCopyFilesBuildPhase;
			buildActionMask = 2147483647;
			dstPath = /usr/share/man/man1/;
			dstSubfolderSpec = 0;
			files = (
			);
			runOnlyForDeploymentPostprocessing = 1;
		};
/* End PBXCopyFilesBuildPhase section */

/* Begin PBXFileReference section */
		3F0295901C7277A500982EAC /* resolver.h */ = {isa = PBXFileReference; fileEncoding = 4; lastKnownFileType = sourcecode.c.h; path = resolver.h; sourceTree = "<group>"; };
		3F0295921C7277F400982EAC /* resolver.c */ = {isa = PBXFileReference; fileEncoding = 4; lastKnownFileType = sourcecode.c.c; path = resolver.c; sourceTree = "<group>"; };
		3F0295941C7281A400982EAC /* test.h */ = {isa = PBXFileReference; fileEncoding = 4; lastKnownFileType = sourcecode.c.h; path = test.h; sourceTree = "<group>"; };
		3F276F1C1C734B570028A378 /* load.sh */ = {isa = PBXFileReference; fileEncoding = 4; lastKnownFileType = text.script.sh; path = load.sh; sourceTree = "<group>"; };
		3F98FC971C6D1260006671EE /* victim */ = {isa = PBXFileReference; explicitFileType = "compiled.mach-o.executable"; includeInIndex = 0; path = victim; sourceTree = BUILT_PRODUCTS_DIR; };
		3F98FC9E1C6D1280006671EE /* victim.c */ = {isa = PBXFileReference; fileEncoding = 4; lastKnownFileType = sourcecode.c.c; path = victim.c; sourceTree = "<group>"; };
		3F9A4BAC1C6612AD0013F9B1 /* test.kext */ = {isa = PBXFileReference; explicitFileType = wrapper.cfbundle; includeInIndex = 0; path = test.kext; sourceTree = BUILT_PRODUCTS_DIR; };
		3F9A4BAF1C6612AD0013F9B1 /* test.c */ = {isa = PBXFileReference; lastKnownFileType = sourcecode.c.c; path = test.c; sourceTree = "<group>"; };
		3F9A4BB11C6612AD0013F9B1 /* Info.plist */ = {isa = PBXFileReference; lastKnownFileType = text.plist.xml; path = Info.plist; sourceTree = "<group>"; };
		3FAA884C1C6A83650079CDE6 /* sysent.h */ = {isa = PBXFileReference; lastKnownFileType = sourcecode.c.h; path = sysent.h; sourceTree = "<group>"; };
/* End PBXFileReference section */

/* Begin PBXFrameworksBuildPhase section */
		3F98FC941C6D1260006671EE /* Frameworks */ = {
			isa = PBXFrameworksBuildPhase;
			buildActionMask = 2147483647;
			files = (
			);
			runOnlyForDeploymentPostprocessing = 0;
		};
		3F9A4BA81C6612AD0013F9B1 /* Frameworks */ = {
			isa = PBXFrameworksBuildPhase;
			buildActionMask = 2147483647;
			files = (
			);
			runOnlyForDeploymentPostprocessing = 0;
		};
/* End PBXFrameworksBuildPhase section */

/* Begin PBXGroup section */
		3F98FC981C6D1260006671EE /* victim */ = {
			isa = PBXGroup;
			children = (
				3F98FC9E1C6D1280006671EE /* victim.c */,
			);
			path = victim;
			sourceTree = "<group>";
		};
		3F9A4BA21C6612AD0013F9B1 = {
			isa = PBXGroup;
			children = (
				3F276F1C1C734B570028A378 /* load.sh */,
				3F9A4BAE1C6612AD0013F9B1 /* test */,
				3F98FC981C6D1260006671EE /* victim */,
				3F9A4BAD1C6612AD0013F9B1 /* Products */,
			);
			sourceTree = "<group>";
		};
		3F9A4BAD1C6612AD0013F9B1 /* Products */ = {
			isa = PBXGroup;
			children = (
				3F9A4BAC1C6612AD0013F9B1 /* test.kext */,
				3F98FC971C6D1260006671EE /* victim */,
			);
			name = Products;
			sourceTree = "<group>";
		};
		3F9A4BAE1C6612AD0013F9B1 /* test */ = {
			isa = PBXGroup;
			children = (
				3F9A4BAF1C6612AD0013F9B1 /* test.c */,
				3F9A4BB11C6612AD0013F9B1 /* Info.plist */,
				3FAA884C1C6A83650079CDE6 /* sysent.h */,
				3F0295901C7277A500982EAC /* resolver.h */,
				3F0295921C7277F400982EAC /* resolver.c */,
				3F0295941C7281A400982EAC /* test.h */,
			);
			path = test;
			sourceTree = "<group>";
		};
/* End PBXGroup section */

/* Begin PBXHeadersBuildPhase section */
		3F9A4BA91C6612AD0013F9B1 /* Headers */ = {
			isa = PBXHeadersBuildPhase;
			buildActionMask = 2147483647;
			files = (
				3F0295951C7281A400982EAC /* test.h in Headers */,
				3F0295911C7277A500982EAC /* resolver.h in Headers */,
			);
			runOnlyForDeploymentPostprocessing = 0;
		};
/* End PBXHeadersBuildPhase section */

/* Begin PBXNativeTarget section */
		3F98FC961C6D1260006671EE /* victim */ = {
			isa = PBXNativeTarget;
			buildConfigurationList = 3F98FC9D1C6D1260006671EE /* Build configuration list for PBXNativeTarget "victim" */;
			buildPhases = (
				3F98FC931C6D1260006671EE /* Sources */,
				3F98FC941C6D1260006671EE /* Frameworks */,
				3F98FC951C6D1260006671EE /* CopyFiles */,
			);
			buildRules = (
			);
			dependencies = (
			);
			name = victim;
			productName = victim;
			productReference = 3F98FC971C6D1260006671EE /* victim */;
			productType = "com.apple.product-type.tool";
		};
		3F9A4BAB1C6612AD0013F9B1 /* test */ = {
			isa = PBXNativeTarget;
			buildConfigurationList = 3F9A4BB41C6612AD0013F9B1 /* Build configuration list for PBXNativeTarget "test" */;
			buildPhases = (
				3F9A4BA71C6612AD0013F9B1 /* Sources */,
				3F9A4BA81C6612AD0013F9B1 /* Frameworks */,
				3F9A4BA91C6612AD0013F9B1 /* Headers */,
				3F9A4BAA1C6612AD0013F9B1 /* Resources */,
			);
			buildRules = (
			);
			dependencies = (
			);
			name = test;
			productName = test;
			productReference = 3F9A4BAC1C6612AD0013F9B1 /* test.kext */;
			productType = "com.apple.product-type.kernel-extension";
		};
/* End PBXNativeTarget section */

/* Begin PBXProject section */
		3F9A4BA31C6612AD0013F9B1 /* Project object */ = {
			isa = PBXProject;
			attributes = {
				LastUpgradeCheck = 0720;
				ORGANIZATIONNAME = acme;
				TargetAttributes = {
					3F98FC961C6D1260006671EE = {
						CreatedOnToolsVersion = 7.2.1;
					};
					3F9A4BAB1C6612AD0013F9B1 = {
						CreatedOnToolsVersion = 7.2;
						DevelopmentTeam = 4D8GDH2BVF;
					};
				};
			};
			buildConfigurationList = 3F9A4BA61C6612AD0013F9B1 /* Build configuration list for PBXProject "test" */;
			compatibilityVersion = "Xcode 3.2";
			developmentRegion = English;
			hasScannedForEncodings = 0;
			knownRegions = (
				en,
			);
			mainGroup = 3F9A4BA21C6612AD0013F9B1;
			productRefGroup = 3F9A4BAD1C6612AD0013F9B1 /* Products */;
			projectDirPath = "";
			projectRoot = "";
			targets = (
				3F9A4BAB1C6612AD0013F9B1 /* test */,
				3F98FC961C6D1260006671EE /* victim */,
			);
		};
/* End PBXProject section */

/* Begin PBXResourcesBuildPhase section */
		3F9A4BAA1C6612AD0013F9B1 /* Resources */ = {
			isa = PBXResourcesBuildPhase;
			buildActionMask = 2147483647;
			files = (
				3F276F1D1C734B570028A378 /* load.sh in Resources */,
			);
			runOnlyForDeploymentPostprocessing = 0;
		};
/* End PBXResourcesBuildPhase section */

/* Begin PBXSourcesBuildPhase section */
		3F98FC931C6D1260006671EE /* Sources */ = {
			isa = PBXSourcesBuildPhase;
			buildActionMask = 2147483647;
			files = (
				3F98FC9F1C6D1280006671EE /* victim.c in Sources */,
			);
			runOnlyForDeploymentPostprocessing = 0;
		};
		3F9A4BA71C6612AD0013F9B1 /* Sources */ = {
			isa = PBXSourcesBuildPhase;
			buildActionMask = 2147483647;
			files = (
				3F9A4BB01C6612AD0013F9B1 /* test.c in Sources */,
				3F0295931C7277F400982EAC /* resolver.c in Sources */,
			);
			runOnlyForDeploymentPostprocessing = 0;
		};
/* End PBXSourcesBuildPhase section */

/* Begin XCBuildConfiguration section */
		3F98FC9B1C6D1260006671EE /* Debug */ = {
			isa = XCBuildConfiguration;
			buildSettings = {
				PRODUCT_NAME = "$(TARGET_NAME)";
			};
			name = Debug;
		};
		3F98FC9C1C6D1260006671EE /* Release */ = {
			isa = XCBuildConfiguration;
			buildSettings = {
				PRODUCT_NAME = "$(TARGET_NAME)";
			};
			name = Release;
		};
		3F9A4BB21C6612AD0013F9B1 /* Debug */ = {
			isa = XCBuildConfiguration;
			buildSettings = {
				ALWAYS_SEARCH_USER_PATHS = NO;
				CLANG_CXX_LANGUAGE_STANDARD = "gnu++0x";
				CLANG_CXX_LIBRARY = "libc++";
				CLANG_ENABLE_MODULES = YES;
				CLANG_ENABLE_OBJC_ARC = YES;
				CLANG_WARN_BOOL_CONVERSION = YES;
				CLANG_WARN_CONSTANT_CONVERSION = YES;
				CLANG_WARN_DIRECT_OBJC_ISA_USAGE = YES_ERROR;
				CLANG_WARN_EMPTY_BODY = YES;
				CLANG_WARN_ENUM_CONVERSION = YES;
				CLANG_WARN_INT_CONVERSION = YES;
				CLANG_WARN_OBJC_ROOT_CLASS = YES_ERROR;
				CLANG_WARN_UNREACHABLE_CODE = YES;
				CLANG_WARN__DUPLICATE_METHOD_MATCH = YES;
				CODE_SIGN_IDENTITY = "-";
				COPY_PHASE_STRIP = NO;
				DEBUG_INFORMATION_FORMAT = dwarf;
				ENABLE_STRICT_OBJC_MSGSEND = YES;
				ENABLE_TESTABILITY = YES;
				GCC_C_LANGUAGE_STANDARD = gnu99;
				GCC_DYNAMIC_NO_PIC = NO;
				GCC_NO_COMMON_BLOCKS = YES;
				GCC_OPTIMIZATION_LEVEL = 0;
				GCC_PREPROCESSOR_DEFINITIONS = (
					"DEBUG=1",
					"$(inherited)",
				);
				GCC_WARN_64_TO_32_BIT_CONVERSION = YES;
				GCC_WARN_ABOUT_RETURN_TYPE = YES_ERROR;
				GCC_WARN_UNDECLARED_SELECTOR = YES;
				GCC_WARN_UNINITIALIZED_AUTOS = YES_AGGRESSIVE;
				GCC_WARN_UNUSED_FUNCTION = YES;
				GCC_WARN_UNUSED_VARIABLE = YES;
				MACOSX_DEPLOYMENT_TARGET = 10.10;
				MTL_ENABLE_DEBUG_INFO = YES;
				ONLY_ACTIVE_ARCH = YES;
				SDKROOT = macosx;
			};
			name = Debug;
		};
		3F9A4BB31C6612AD0013F9B1 /* Release */ = {
			isa = XCBuildConfiguration;
			buildSettings = {
				ALWAYS_SEARCH_USER_PATHS = NO;
				CLANG_CXX_LANGUAGE_STANDARD = "gnu++0x";
				CLANG_CXX_LIBRARY = "libc++";
				CLANG_ENABLE_MODULES = YES;
				CLANG_ENABLE_OBJC_ARC = YES;
				CLANG_WARN_BOOL_CONVERSION = YES;
				CLANG_WARN_CONSTANT_CONVERSION = YES;
				CLANG_WARN_DIRECT_OBJC_ISA_USAGE = YES_ERROR;
				CLANG_WARN_EMPTY_BODY = YES;
				CLANG_WARN_ENUM_CONVERSION = YES;
				CLANG_WARN_INT_CONVERSION = YES;
				CLANG_WARN_OBJC_ROOT_CLASS = YES_ERROR;
				CLANG_WARN_UNREACHABLE_CODE = YES;
				CLANG_WARN__DUPLICATE_METHOD_MATCH = YES;
				CODE_SIGN_IDENTITY = "-";
				COPY_PHASE_STRIP = NO;
				DEBUG_INFORMATION_FORMAT = "dwarf-with-dsym";
				ENABLE_NS_ASSERTIONS = NO;
				ENABLE_STRICT_OBJC_MSGSEND = YES;
				GCC_C_LANGUAGE_STANDARD = gnu99;
				GCC_NO_COMMON_BLOCKS = YES;
				GCC_WARN_64_TO_32_BIT_CONVERSION = YES;
				GCC_WARN_ABOUT_RETURN_TYPE = YES_ERROR;
				GCC_WARN_UNDECLARED_SELECTOR = YES;
				GCC_WARN_UNINITIALIZED_AUTOS = YES_AGGRESSIVE;
				GCC_WARN_UNUSED_FUNCTION = YES;
				GCC_WARN_UNUSED_VARIABLE = YES;
				MACOSX_DEPLOYMENT_TARGET = 10.10;
				MTL_ENABLE_DEBUG_INFO = NO;
				SDKROOT = macosx;
			};
			name = Release;
		};
		3F9A4BB51C6612AD0013F9B1 /* Debug */ = {
			isa = XCBuildConfiguration;
			buildSettings = {
				CODE_SIGN_IDENTITY = "Mac Developer";
				"CODE_SIGN_IDENTITY[sdk=macosx*]" = "Mac Developer";
				INFOPLIST_FILE = test/Info.plist;
				MODULE_NAME = acme.test;
				MODULE_START = test_start;
				MODULE_STOP = test_stop;
				MODULE_VERSION = 1.0.0d1;
				PRODUCT_BUNDLE_IDENTIFIER = acme.test;
				PRODUCT_NAME = "$(TARGET_NAME)";
				PROVISIONING_PROFILE = "";
				WRAPPER_EXTENSION = kext;
			};
			name = Debug;
		};
		3F9A4BB61C6612AD0013F9B1 /* Release */ = {
			isa = XCBuildConfiguration;
			buildSettings = {
				CODE_SIGN_IDENTITY = "Mac Developer";
				"CODE_SIGN_IDENTITY[sdk=macosx*]" = "Mac Developer";
				INFOPLIST_FILE = test/Info.plist;
				MODULE_NAME = acme.test;
				MODULE_START = test_start;
				MODULE_STOP = test_stop;
				MODULE_VERSION = 1.0.0d1;
				PRODUCT_BUNDLE_IDENTIFIER = acme.test;
				PRODUCT_NAME = "$(TARGET_NAME)";
				PROVISIONING_PROFILE = "";
				WRAPPER_EXTENSION = kext;
			};
			name = Release;
		};
/* End XCBuildConfiguration section */

/* Begin XCConfigurationList section */
		3F98FC9D1C6D1260006671EE /* Build configuration list for PBXNativeTarget "victim" */ = {
			isa = XCConfigurationList;
			buildConfigurations = (
				3F98FC9B1C6D1260006671EE /* Debug */,
				3F98FC9C1C6D1260006671EE /* Release */,
			);
			defaultConfigurationIsVisible = 0;
			defaultConfigurationName = Release;
		};
		3F9A4BA61C6612AD0013F9B1 /* Build configuration list for PBXProject "test" */ = {
			isa = XCConfigurationList;
			buildConfigurations = (
				3F9A4BB21C6612AD0013F9B1 /* Debug */,
				3F9A4BB31C6612AD0013F9B1 /* Release */,
			);
			defaultConfigurationIsVisible = 0;
			defaultConfigurationName = Release;
		};
		3F9A4BB41C6612AD0013F9B1 /* Build configuration list for PBXNativeTarget "test" */ = {
			isa = XCConfigurationList;
			buildConfigurations = (
				3F9A4BB51C6612AD0013F9B1 /* Debug */,
				3F9A4BB61C6612AD0013F9B1 /* Release */,
			);
			defaultConfigurationIsVisible = 0;
			defaultConfigurationName = Release;
		};
/* End XCConfigurationList section */
	};
	rootObject = 3F9A4BA31C6612AD0013F9B1 /* Project object */;
}
